{
  "name": "test-time-ago",
  "version": "1.0.0",
  "lockfileVersion": 1,
  "requires": true,
  "dependencies": {
    "time-ago": {
      "version": "0.2.1",
      "resolved": "https://registry.npmjs.org/time-ago/-/time-ago-0.2.1.tgz",
      "integrity": "sha512-fQ3WQ5yPBoNefBgITR+kMnd5aWiKYhBNSgQH3FwpJgDCaVEmju7rWyP+Rk52KyQbRwQEnw3ox2yxcS4yMxgP+g=="
    }
  }
}
